Microsoft Visual Studio Solution File, Format Version 9.00
# Visual Studio 2005
Project("{8BC9CEB8-8B4A-11D0-8D11-00A0C91BC942}") = "LAB8_KSAREEN_LNGUYEN", "LAB8_KSAREEN_LNGUYEN.vcproj", "{207C4CC5-B556-476A-A1FC-69D128AD5969}"
EndProject
Global
	GlobalSection(SolutionConfigurationPlatforms) = preSolution
		Debug|Win32 = Debug|Win32
		Release|Win32 = Release|Win32
	EndGlobalSection
	GlobalSection(ProjectConfigurationPlatforms) = postSolution
		{207C4CC5-B556-476A-A1FC-69D128AD5969}.Debug|Win32.ActiveCfg = Debug|Win32
		{207C4CC5-B556-476A-A1FC-69D128AD5969}.Debug|Win32.Build.0 = Debug|Win32
		{207C4CC5-B556-476A-A1FC-69D128AD5969}.Release|Win32.ActiveCfg = Release|Win32
		{207C4CC5-B556-476A-A1FC-69D128AD5969}.Release|Win32.Build.0 = Release|Win32
	EndGlobalSection
	GlobalSection(SolutionProperties) = preSolution
		HideSolutionNode = FALSE
	EndGlobalSection
EndGlobal
